
Microsoft Visual Studio Solution File, Format Version 12.00
# Visual Studio Version 17
VisualStudioVersion = 17.2.32616.157
MinimumVisualStudioVersion = 10.0.40219.1
Project("{FAE04EC0-301F-11D3-BF4B-00C04F79EFBC}") = "DeBag", "DeBag\DeBag.csproj", "{2FBAECE8-B51F-408E-99B9-F6F50B9134C0}"
EndProject
Global
	GlobalSection(SolutionConfigurationPlatforms) = preSolution
		Debug|Any CPU = Debug|Any CPU
		Release|Any CPU = Release|Any CPU
	EndGlobalSection
	GlobalSection(ProjectConfigurationPlatforms) = postSolution
		{2FBAECE8-B51F-408E-99B9-F6F50B9134C0}.Debug|Any CPU.ActiveCfg = Debug|Any CPU
		{2FBAECE8-B51F-408E-99B9-F6F50B9134C0}.Debug|Any CPU.Build.0 = Debug|Any CPU
		{2FBAECE8-B51F-408E-99B9-F6F50B9134C0}.Release|Any CPU.ActiveCfg = Release|Any CPU
		{2FBAECE8-B51F-408E-99B9-F6F50B9134C0}.Release|Any CPU.Build.0 = Release|Any CPU
	EndGlobalSection
	GlobalSection(SolutionProperties) = preSolution
		HideSolutionNode = FALSE
	EndGlobalSection
	GlobalSection(ExtensibilityGlobals) = postSolution
		SolutionGuid = {4133D67C-5E2C-405D-A4EF-5A6D457A3755}
	EndGlobalSection
EndGlobal
